{
  "requires": true,
  "lockfileVersion": 1,
  "dependencies": {
    "midi-player-js": {
      "version": "2.0.13",
      "resolved": "https://registry.npmjs.org/midi-player-js/-/midi-player-js-2.0.13.tgz",
      "integrity": "sha512-VhUhhJec9D2EPRZA/Z/bktp0h7YlaObEJ6qsEvW/TQOjg9AZrQV+UQjPJSQUDqoLJSmOoOu9J9ROwvDW1lnu+w=="
    }
  }
}
